
Microsoft Visual Studio Solution File, Format Version 12.00
# Visual Studio 14
VisualStudioVersion = 14.0.24720.0
MinimumVisualStudioVersion = 10.0.40219.1
Project("{FAE04EC0-301F-11D3-BF4B-00C04F79EFBC}") = "Sample", "WebSocketSDK\Sample.csproj", "{E08E6EA8-B324-4FF0-92F8-DCF479B235CC}"
	ProjectSection(ProjectDependencies) = postProject
		{FA0B9700-5FB1-4A4F-8FD8-03B27D4248D5} = {FA0B9700-5FB1-4A4F-8FD8-03B27D4248D5}
	EndProjectSection
EndProject
Project("{FAE04EC0-301F-11D3-BF4B-00C04F79EFBC}") = "SmackBio.WebSocketSDK", "SmackBio.WebSocketSDK\SmackBio.WebSocketSDK.csproj", "{FA0B9700-5FB1-4A4F-8FD8-03B27D4248D5}"
EndProject
Global
	GlobalSection(SolutionConfigurationPlatforms) = preSolution
		Debug|Any CPU = Debug|Any CPU
		Release|Any CPU = Release|Any CPU
	EndGlobalSection
	GlobalSection(ProjectConfigurationPlatforms) = postSolution
		{E08E6EA8-B324-4FF0-92F8-DCF479B235CC}.Debug|Any CPU.ActiveCfg = Debug|Any CPU
		{E08E6EA8-B324-4FF0-92F8-DCF479B235CC}.Debug|Any CPU.Build.0 = Debug|Any CPU
		{E08E6EA8-B324-4FF0-92F8-DCF479B235CC}.Release|Any CPU.ActiveCfg = Release|Any CPU
		{E08E6EA8-B324-4FF0-92F8-DCF479B235CC}.Release|Any CPU.Build.0 = Release|Any CPU
		{FA0B9700-5FB1-4A4F-8FD8-03B27D4248D5}.Debug|Any CPU.ActiveCfg = Debug|Any CPU
		{FA0B9700-5FB1-4A4F-8FD8-03B27D4248D5}.Debug|Any CPU.Build.0 = Debug|Any CPU
		{FA0B9700-5FB1-4A4F-8FD8-03B27D4248D5}.Release|Any CPU.ActiveCfg = Release|Any CPU
		{FA0B9700-5FB1-4A4F-8FD8-03B27D4248D5}.Release|Any CPU.Build.0 = Release|Any CPU
	EndGlobalSection
	GlobalSection(SolutionProperties) = preSolution
		HideSolutionNode = FALSE
	EndGlobalSection
	GlobalSection(TeamFoundationVersionControl) = preSolution
		SccNumberOfProjects = 2
		SccEnterpriseProvider = {4CA58AB2-18FA-4F8D-95D4-32DDF27D184C}
		SccTeamFoundationServer = http://tfs:8080/tfs/face500
		SccLocalPath0 = .
		SccProjectUniqueName1 = SmackBio.WebSocketSDK\\SmackBio.WebSocketSDK.csproj
		SccProjectName1 = SmackBio.WebSocketSDK
		SccLocalPath1 = SmackBio.WebSocketSDK
	EndGlobalSection
EndGlobal
